
Microsoft Visual Studio Solution File, Format Version 12.00
# Visual Studio Version 17
VisualStudioVersion = 17.0.31919.166
MinimumVisualStudioVersion = 10.0.40219.1
Project("{FAE04EC0-301F-11D3-BF4B-00C04F79EFBC}") = "ConversorExam", "ConversorExamOr\ConversorExam.csproj", "{2F524129-5EC4-4107-80C0-B687C39A630C}"
EndProject
Global
	GlobalSection(SolutionConfigurationPlatforms) = preSolution
		Debug|Any CPU = Debug|Any CPU
		Release|Any CPU = Release|Any CPU
	EndGlobalSection
	GlobalSection(ProjectConfigurationPlatforms) = postSolution
		{2F524129-5EC4-4107-80C0-B687C39A630C}.Debug|Any CPU.ActiveCfg = Debug|Any CPU
		{2F524129-5EC4-4107-80C0-B687C39A630C}.Debug|Any CPU.Build.0 = Debug|Any CPU
		{2F524129-5EC4-4107-80C0-B687C39A630C}.Release|Any CPU.ActiveCfg = Release|Any CPU
		{2F524129-5EC4-4107-80C0-B687C39A630C}.Release|Any CPU.Build.0 = Release|Any CPU
	EndGlobalSection
	GlobalSection(SolutionProperties) = preSolution
		HideSolutionNode = FALSE
	EndGlobalSection
	GlobalSection(ExtensibilityGlobals) = postSolution
		SolutionGuid = {ABB57265-2C2D-4662-84FF-F2E4F84C9A5D}
	EndGlobalSection
EndGlobal
